PODS:
  - JTAppleCalendar (7.1.5)
  - MZTimerLabel (0.5.4)

DEPENDENCIES:
  - JTAppleCalendar (~> 7.0)
  - MZTimerLabel (~> 0.5.4)

SPEC REPOS:
  https://github.com/CocoaPods/Specs.git:
    - JTAppleCalendar
    - MZTimerLabel

SPEC CHECKSUMS:
  JTAppleCalendar: 2d4f974f9f3c8b4964d51ca1f6e004883c031fbe
  MZTimerLabel: cd9bfb9304540ef2a9e163384fca9c978f0dbf83

PODFILE CHECKSUM: 884982aecc5c0230c6190f367655522847ae6125

COCOAPODS: 1.5.0
