// !$*UTF8*$!
{
	archiveVersion = 1;
	classes = {
	};
	objectVersion = 48;
	objects = {

/* Begin PBXBuildFile section */
		4F3BC664208F0CBD00A0B363 /* SettingsTableViewCell.swift in Sources */ = {isa = PBXBuildFile; fileRef = 4F3BC663208F0CBD00A0B363 /* SettingsTableViewCell.swift */; };
		4FBDA66420453BF600174C9C /* CO2TrainingTableViewCell.swift in Sources */ = {isa = PBXBuildFile; fileRef = 4FBDA66320453BF600174C9C /* CO2TrainingTableViewCell.swift */; };
		4FBDA6662045572800174C9C /* HistoryApneaViewModel.swift in Sources */ = {isa = PBXBuildFile; fileRef = 4FBDA6652045572800174C9C /* HistoryApneaViewModel.swift */; };
		4FBDA6682045574F00174C9C /* RootViewModel.swift in Sources */ = {isa = PBXBuildFile; fileRef = 4FBDA6672045574F00174C9C /* RootViewModel.swift */; };
		4FBDA66B2045578C00174C9C /* RootViewControllerDataSource.swift in Sources */ = {isa = PBXBuildFile; fileRef = 4FBDA66A2045578C00174C9C /* RootViewControllerDataSource.swift */; };
		4FBDA66E204557C700174C9C /* RootViewControllerDelegate.swift in Sources */ = {isa = PBXBuildFile; fileRef = 4FBDA66D204557C700174C9C /* RootViewControllerDelegate.swift */; };
		4FBDA6702045589F00174C9C /* SettingsViewModel.swift in Sources */ = {isa = PBXBuildFile; fileRef = 4FBDA66F2045589F00174C9C /* SettingsViewModel.swift */; };
		4FBDA6722045592100174C9C /* HistoryApneaTestViewControllerDataSource.swift in Sources */ = {isa = PBXBuildFile; fileRef = 4FBDA6712045592100174C9C /* HistoryApneaTestViewControllerDataSource.swift */; };
		4FBDA6742045596A00174C9C /* HistoryCO2TrainingViewModel.swift in Sources */ = {isa = PBXBuildFile; fileRef = 4FBDA6732045596A00174C9C /* HistoryCO2TrainingViewModel.swift */; };
		4FBDA67620455A9D00174C9C /* CO2TrainingTableViewDataSource.swift in Sources */ = {isa = PBXBuildFile; fileRef = 4FBDA67520455A9D00174C9C /* CO2TrainingTableViewDataSource.swift */; };
		4FBDA67820455ABD00174C9C /* CO2TrainingViewModel.swift in Sources */ = {isa = PBXBuildFile; fileRef = 4FBDA67720455ABD00174C9C /* CO2TrainingViewModel.swift */; };
		4FD13148201F0FA800602873 /* Localizable.strings in Resources */ = {isa = PBXBuildFile; fileRef = 4FD1314A201F0FA800602873 /* Localizable.strings */; };
		4FD5B3DD201B5BB80082FA81 /* ColorSchema.swift in Sources */ = {isa = PBXBuildFile; fileRef = 4FD5B3DC201B5BB80082FA81 /* ColorSchema.swift */; };
		4FE6C02E2018BFA8008A038A /* HistoryApneaTestTableViewCell.swift in Sources */ = {isa = PBXBuildFile; fileRef = 4FE6C02D2018BFA7008A038A /* HistoryApneaTestTableViewCell.swift */; };
		7116D17A200B4D5600C1A2A4 /* AppDelegate.swift in Sources */ = {isa = PBXBuildFile; fileRef = 7116D179200B4D5600C1A2A4 /* AppDelegate.swift */; };
		7116D17F200B4D5600C1A2A4 /* Main.storyboard in Resources */ = {isa = PBXBuildFile; fileRef = 7116D17D200B4D5600C1A2A4 /* Main.storyboard */; };
		7116D181200B4D5600C1A2A4 /* Assets.xcassets in Resources */ = {isa = PBXBuildFile; fileRef = 7116D180200B4D5600C1A2A4 /* Assets.xcassets */; };
		7116D184200B4D5600C1A2A4 /* LaunchScreen.storyboard in Resources */ = {isa = PBXBuildFile; fileRef = 7116D182200B4D5600C1A2A4 /* LaunchScreen.storyboard */; };
		7116D18C200EA37D00C1A2A4 /* RootViewController.swift in Sources */ = {isa = PBXBuildFile; fileRef = 7116D18B200EA37D00C1A2A4 /* RootViewController.swift */; };
		7116D18E200EA42100C1A2A4 /* ApneaTestViewController.swift in Sources */ = {isa = PBXBuildFile; fileRef = 7116D18D200EA42100C1A2A4 /* ApneaTestViewController.swift */; };
		7116D190200EA45900C1A2A4 /* SettingsViewController.swift in Sources */ = {isa = PBXBuildFile; fileRef = 7116D18F200EA45900C1A2A4 /* SettingsViewController.swift */; };
		7116D192200EA48B00C1A2A4 /* HistoryViewController.swift in Sources */ = {isa = PBXBuildFile; fileRef = 7116D191200EA48B00C1A2A4 /* HistoryViewController.swift */; };
		7116D194200EA9E800C1A2A4 /* MenuItem.swift in Sources */ = {isa = PBXBuildFile; fileRef = 7116D193200EA9E800C1A2A4 /* MenuItem.swift */; };
		713C904A2014D6EC00C3BF59 /* HistoryCO2TrainingViewController.swift in Sources */ = {isa = PBXBuildFile; fileRef = 713C90492014D6EC00C3BF59 /* HistoryCO2TrainingViewController.swift */; };
		714DA089206FB737002F05FB /* HistoryApneaTestDataStore.swift in Sources */ = {isa = PBXBuildFile; fileRef = 714DA087206FB737002F05FB /* HistoryApneaTestDataStore.swift */; };
		714DA08A206FB737002F05FB /* HistoryCO2TrainingDataStore.swift in Sources */ = {isa = PBXBuildFile; fileRef = 714DA088206FB737002F05FB /* HistoryCO2TrainingDataStore.swift */; };
		7152C4BD2014BE5000B558CD /* HistoryApneaTestViewController.swift in Sources */ = {isa = PBXBuildFile; fileRef = 7152C4BC2014BE5000B558CD /* HistoryApneaTestViewController.swift */; };
		7181C05520710450007160CC /* HistoryApneaTestViewControllerDelegate.swift in Sources */ = {isa = PBXBuildFile; fileRef = 7181C05420710450007160CC /* HistoryApneaTestViewControllerDelegate.swift */; };
		7181C057207109F8007160CC /* HistoryCO2TrainingViewControllerDelegate.swift in Sources */ = {isa = PBXBuildFile; fileRef = 7181C056207109F8007160CC /* HistoryCO2TrainingViewControllerDelegate.swift */; };
		7181C05920710D6A007160CC /* HistoryCO2TrainingViewControllerDataSource.swift in Sources */ = {isa = PBXBuildFile; fileRef = 7181C05820710D6A007160CC /* HistoryCO2TrainingViewControllerDataSource.swift */; };
		7181C05B20712A32007160CC /* HistoryCO2TrainingTableViewCell.swift in Sources */ = {isa = PBXBuildFile; fileRef = 7181C05A20712A32007160CC /* HistoryCO2TrainingTableViewCell.swift */; };
		71B64C3A2039ECE20038B839 /* CO2TrainingViewController.swift in Sources */ = {isa = PBXBuildFile; fileRef = 71B64C392039ECE20038B839 /* CO2TrainingViewController.swift */; };
		BAEE7A4A98E58D0D987B0ABB /* Pods_apnea.framework in Frameworks */ = {isa = PBXBuildFile; fileRef = 7362CBC8B31546F76BEF5F6B /* Pods_apnea.framework */; };
/* End PBXBuildFile section */

/* Begin PBXFileReference section */
		4F3BC663208F0CBD00A0B363 /* SettingsTableViewCell.swift */ = {isa = PBXFileReference; lastKnownFileType = sourcecode.swift; path = SettingsTableViewCell.swift; sourceTree = "<group>"; };
		4FBDA66320453BF600174C9C /* CO2TrainingTableViewCell.swift */ = {isa = PBXFileReference; lastKnownFileType = sourcecode.swift; path = CO2TrainingTableViewCell.swift; sourceTree = "<group>"; };
		4FBDA6652045572800174C9C /* HistoryApneaViewModel.swift */ = {isa = PBXFileReference; lastKnownFileType = sourcecode.swift; path = HistoryApneaViewModel.swift; sourceTree = "<group>"; };
		4FBDA6672045574F00174C9C /* RootViewModel.swift */ = {isa = PBXFileReference; lastKnownFileType = sourcecode.swift; path = RootViewModel.swift; sourceTree = "<group>"; };
		4FBDA66A2045578C00174C9C /* RootViewControllerDataSource.swift */ = {isa = PBXFileReference; lastKnownFileType = sourcecode.swift; path = RootViewControllerDataSource.swift; sourceTree = "<group>"; };
		4FBDA66D204557C700174C9C /* RootViewControllerDelegate.swift */ = {isa = PBXFileReference; lastKnownFileType = sourcecode.swift; path = RootViewControllerDelegate.swift; sourceTree = "<group>"; };
		4FBDA66F2045589F00174C9C /* SettingsViewModel.swift */ = {isa = PBXFileReference; lastKnownFileType = sourcecode.swift; path = SettingsViewModel.swift; sourceTree = "<group>"; };
		4FBDA6712045592100174C9C /* HistoryApneaTestViewControllerDataSource.swift */ = {isa = PBXFileReference; lastKnownFileType = sourcecode.swift; path = HistoryApneaTestViewControllerDataSource.swift; sourceTree = "<group>"; };
		4FBDA6732045596A00174C9C /* HistoryCO2TrainingViewModel.swift */ = {isa = PBXFileReference; lastKnownFileType = sourcecode.swift; path = HistoryCO2TrainingViewModel.swift; sourceTree = "<group>"; };
		4FBDA67520455A9D00174C9C /* CO2TrainingTableViewDataSource.swift */ = {isa = PBXFileReference; lastKnownFileType = sourcecode.swift; path = CO2TrainingTableViewDataSource.swift; sourceTree = "<group>"; };
		4FBDA67720455ABD00174C9C /* CO2TrainingViewModel.swift */ = {isa = PBXFileReference; lastKnownFileType = sourcecode.swift; path = CO2TrainingViewModel.swift; sourceTree = "<group>"; };
		4FD13149201F0FA800602873 /* en */ = {isa = PBXFileReference; lastKnownFileType = text.plist.strings; name = en; path = en.lproj/Localizable.strings; sourceTree = "<group>"; };
		4FD1314B201F0FC600602873 /* Base */ = {isa = PBXFileReference; lastKnownFileType = text.plist.strings; name = Base; path = Base.lproj/Localizable.strings; sourceTree = "<group>"; };
		4FD1314C201F10B400602873 /* pl */ = {isa = PBXFileReference; lastKnownFileType = text.plist.strings; name = pl; path = pl.lproj/Localizable.strings; sourceTree = "<group>"; };
		4FD5B3DC201B5BB80082FA81 /* ColorSchema.swift */ = {isa = PBXFileReference; lastKnownFileType = sourcecode.swift; path = ColorSchema.swift; sourceTree = "<group>"; };
		4FE6C02D2018BFA7008A038A /* HistoryApneaTestTableViewCell.swift */ = {isa = PBXFileReference; lastKnownFileType = sourcecode.swift; path = HistoryApneaTestTableViewCell.swift; sourceTree = "<group>"; };
		7116D176200B4D5600C1A2A4 /* apnea.app */ = {isa = PBXFileReference; explicitFileType = wrapper.application; includeInIndex = 0; path = apnea.app; sourceTree = BUILT_PRODUCTS_DIR; };
		7116D179200B4D5600C1A2A4 /* AppDelegate.swift */ = {isa = PBXFileReference; lastKnownFileType = sourcecode.swift; path = AppDelegate.swift; sourceTree = "<group>"; };
		7116D17E200B4D5600C1A2A4 /* Base */ = {isa = PBXFileReference; lastKnownFileType = file.storyboard; name = Base; path = Base.lproj/Main.storyboard; sourceTree = "<group>"; };
		7116D180200B4D5600C1A2A4 /* Assets.xcassets */ = {isa = PBXFileReference; lastKnownFileType = folder.assetcatalog; path = Assets.xcassets; sourceTree = "<group>"; };
		7116D183200B4D5600C1A2A4 /* Base */ = {isa = PBXFileReference; lastKnownFileType = file.storyboard; name = Base; path = Base.lproj/LaunchScreen.storyboard; sourceTree = "<group>"; };
		7116D185200B4D5600C1A2A4 /* Info.plist */ = {isa = PBXFileReference; lastKnownFileType = text.plist.xml; path = Info.plist; sourceTree = "<group>"; };
		7116D18B200EA37D00C1A2A4 /* RootViewController.swift */ = {isa = PBXFileReference; lastKnownFileType = sourcecode.swift; path = RootViewController.swift; sourceTree = "<group>"; };
		7116D18D200EA42100C1A2A4 /* ApneaTestViewController.swift */ = {isa = PBXFileReference; lastKnownFileType = sourcecode.swift; path = ApneaTestViewController.swift; sourceTree = "<group>"; };
		7116D18F200EA45900C1A2A4 /* SettingsViewController.swift */ = {isa = PBXFileReference; lastKnownFileType = sourcecode.swift; path = SettingsViewController.swift; sourceTree = "<group>"; };
		7116D191200EA48B00C1A2A4 /* HistoryViewController.swift */ = {isa = PBXFileReference; lastKnownFileType = sourcecode.swift; path = HistoryViewController.swift; sourceTree = "<group>"; };
		7116D193200EA9E800C1A2A4 /* MenuItem.swift */ = {isa = PBXFileReference; lastKnownFileType = sourcecode.swift; path = MenuItem.swift; sourceTree = "<group>"; };
		713C90492014D6EC00C3BF59 /* HistoryCO2TrainingViewController.swift */ = {isa = PBXFileReference; lastKnownFileType = sourcecode.swift; path = HistoryCO2TrainingViewController.swift; sourceTree = "<group>"; };
		714DA087206FB737002F05FB /* HistoryApneaTestDataStore.swift */ = {isa = PBXFileReference; fileEncoding = 4; lastKnownFileType = sourcecode.swift; path = HistoryApneaTestDataStore.swift; sourceTree = "<group>"; };
		714DA088206FB737002F05FB /* HistoryCO2TrainingDataStore.swift */ = {isa = PBXFileReference; fileEncoding = 4; lastKnownFileType = sourcecode.swift; path = HistoryCO2TrainingDataStore.swift; sourceTree = "<group>"; };
		7152C4BC2014BE5000B558CD /* HistoryApneaTestViewController.swift */ = {isa = PBXFileReference; lastKnownFileType = sourcecode.swift; path = HistoryApneaTestViewController.swift; sourceTree = "<group>"; };
		7181C05420710450007160CC /* HistoryApneaTestViewControllerDelegate.swift */ = {isa = PBXFileReference; lastKnownFileType = sourcecode.swift; path = HistoryApneaTestViewControllerDelegate.swift; sourceTree = "<group>"; };
		7181C056207109F8007160CC /* HistoryCO2TrainingViewControllerDelegate.swift */ = {isa = PBXFileReference; lastKnownFileType = sourcecode.swift; path = HistoryCO2TrainingViewControllerDelegate.swift; sourceTree = "<group>"; };
		7181C05820710D6A007160CC /* HistoryCO2TrainingViewControllerDataSource.swift */ = {isa = PBXFileReference; lastKnownFileType = sourcecode.swift; path = HistoryCO2TrainingViewControllerDataSource.swift; sourceTree = "<group>"; };
		7181C05A20712A32007160CC /* HistoryCO2TrainingTableViewCell.swift */ = {isa = PBXFileReference; lastKnownFileType = sourcecode.swift; path = HistoryCO2TrainingTableViewCell.swift; sourceTree = "<group>"; };
		71B64C392039ECE20038B839 /* CO2TrainingViewController.swift */ = {isa = PBXFileReference; lastKnownFileType = sourcecode.swift; path = CO2TrainingViewController.swift; sourceTree = "<group>"; };
		7362CBC8B31546F76BEF5F6B /* Pods_apnea.framework */ = {isa = PBXFileReference; explicitFileType = wrapper.framework; includeInIndex = 0; path = Pods_apnea.framework; sourceTree = BUILT_PRODUCTS_DIR; };
		B171803B0994323251FBBD91 /* Pods-apnea.debug.xcconfig */ = {isa = PBXFileReference; includeInIndex = 1; lastKnownFileType = text.xcconfig; name = "Pods-apnea.debug.xcconfig"; path = "Pods/Target Support Files/Pods-apnea/Pods-apnea.debug.xcconfig"; sourceTree = "<group>"; };
		FD765F1244BE015183DEF2A5 /* Pods-apnea.release.xcconfig */ = {isa = PBXFileReference; includeInIndex = 1; lastKnownFileType = text.xcconfig; name = "Pods-apnea.release.xcconfig"; path = "Pods/Target Support Files/Pods-apnea/Pods-apnea.release.xcconfig"; sourceTree = "<group>"; };
/* End PBXFileReference section */

/* Begin PBXFrameworksBuildPhase section */
		7116D173200B4D5600C1A2A4 /* Frameworks */ = {
			isa = PBXFrameworksBuildPhase;
			buildActionMask = 2147483647;
			files = (
				BAEE7A4A98E58D0D987B0ABB /* Pods_apnea.framework in Frameworks */,
			);
			runOnlyForDeploymentPostprocessing = 0;
		};
/* End PBXFrameworksBuildPhase section */

/* Begin PBXGroup section */
		4FBDA6692045576800174C9C /* ViewModel */ = {
			isa = PBXGroup;
			children = (
				4FBDA6672045574F00174C9C /* RootViewModel.swift */,
				4FBDA6652045572800174C9C /* HistoryApneaViewModel.swift */,
				4FBDA66F2045589F00174C9C /* SettingsViewModel.swift */,
				4FBDA6732045596A00174C9C /* HistoryCO2TrainingViewModel.swift */,
				4FBDA67720455ABD00174C9C /* CO2TrainingViewModel.swift */,
			);
			path = ViewModel;
			sourceTree = "<group>";
		};
		4FBDA66C204557A300174C9C /* DataSource */ = {
			isa = PBXGroup;
			children = (
				4FBDA66A2045578C00174C9C /* RootViewControllerDataSource.swift */,
				4FBDA6712045592100174C9C /* HistoryApneaTestViewControllerDataSource.swift */,
				4FBDA67520455A9D00174C9C /* CO2TrainingTableViewDataSource.swift */,
				7181C05820710D6A007160CC /* HistoryCO2TrainingViewControllerDataSource.swift */,
			);
			path = DataSource;
			sourceTree = "<group>";
		};
		4FBDA67920455C6E00174C9C /* ViewController */ = {
			isa = PBXGroup;
			children = (
				7116D18B200EA37D00C1A2A4 /* RootViewController.swift */,
				7116D18D200EA42100C1A2A4 /* ApneaTestViewController.swift */,
				7116D18F200EA45900C1A2A4 /* SettingsViewController.swift */,
				7116D191200EA48B00C1A2A4 /* HistoryViewController.swift */,
				7152C4BC2014BE5000B558CD /* HistoryApneaTestViewController.swift */,
				713C90492014D6EC00C3BF59 /* HistoryCO2TrainingViewController.swift */,
				71B64C392039ECE20038B839 /* CO2TrainingViewController.swift */,
			);
			path = ViewController;
			sourceTree = "<group>";
		};
		4FBDA67A20455E8100174C9C /* Delegate */ = {
			isa = PBXGroup;
			children = (
				4FBDA66D204557C700174C9C /* RootViewControllerDelegate.swift */,
				7181C05420710450007160CC /* HistoryApneaTestViewControllerDelegate.swift */,
				7181C056207109F8007160CC /* HistoryCO2TrainingViewControllerDelegate.swift */,
			);
			path = Delegate;
			sourceTree = "<group>";
		};
		4FE6C02F2018C100008A038A /* TableViewCell */ = {
			isa = PBXGroup;
			children = (
				4FE6C02D2018BFA7008A038A /* HistoryApneaTestTableViewCell.swift */,
				4FBDA66320453BF600174C9C /* CO2TrainingTableViewCell.swift */,
				7181C05A20712A32007160CC /* HistoryCO2TrainingTableViewCell.swift */,
				4F3BC663208F0CBD00A0B363 /* SettingsTableViewCell.swift */,
			);
			path = TableViewCell;
			sourceTree = "<group>";
		};
		7116D16D200B4D5600C1A2A4 = {
			isa = PBXGroup;
			children = (
				7116D178200B4D5600C1A2A4 /* apnea */,
				7116D177200B4D5600C1A2A4 /* Products */,
				B68770DDC51B80FDD72B2BDA /* Pods */,
				8306130A3BC3B0CC0C873D33 /* Frameworks */,
			);
			sourceTree = "<group>";
		};
		7116D177200B4D5600C1A2A4 /* Products */ = {
			isa = PBXGroup;
			children = (
				7116D176200B4D5600C1A2A4 /* apnea.app */,
			);
			name = Products;
			sourceTree = "<group>";
		};
		7116D178200B4D5600C1A2A4 /* apnea */ = {
			isa = PBXGroup;
			children = (
				7116D179200B4D5600C1A2A4 /* AppDelegate.swift */,
				7116D17D200B4D5600C1A2A4 /* Main.storyboard */,
				7116D180200B4D5600C1A2A4 /* Assets.xcassets */,
				7116D182200B4D5600C1A2A4 /* LaunchScreen.storyboard */,
				714DA08B206FB743002F05FB /* DataStore */,
				7116D185200B4D5600C1A2A4 /* Info.plist */,
				7116D193200EA9E800C1A2A4 /* MenuItem.swift */,
				4FE6C02F2018C100008A038A /* TableViewCell */,
				4FD5B3DC201B5BB80082FA81 /* ColorSchema.swift */,
				4FD1314A201F0FA800602873 /* Localizable.strings */,
				4FBDA67920455C6E00174C9C /* ViewController */,
				4FBDA6692045576800174C9C /* ViewModel */,
				4FBDA66C204557A300174C9C /* DataSource */,
				4FBDA67A20455E8100174C9C /* Delegate */,
			);
			path = apnea;
			sourceTree = "<group>";
		};
		714DA08B206FB743002F05FB /* DataStore */ = {
			isa = PBXGroup;
			children = (
				714DA087206FB737002F05FB /* HistoryApneaTestDataStore.swift */,
				714DA088206FB737002F05FB /* HistoryCO2TrainingDataStore.swift */,
			);
			path = DataStore;
			sourceTree = "<group>";
		};
		8306130A3BC3B0CC0C873D33 /* Frameworks */ = {
			isa = PBXGroup;
			children = (
				7362CBC8B31546F76BEF5F6B /* Pods_apnea.framework */,
			);
			name = Frameworks;
			sourceTree = "<group>";
		};
		B68770DDC51B80FDD72B2BDA /* Pods */ = {
			isa = PBXGroup;
			children = (
				B171803B0994323251FBBD91 /* Pods-apnea.debug.xcconfig */,
				FD765F1244BE015183DEF2A5 /* Pods-apnea.release.xcconfig */,
			);
			name = Pods;
			sourceTree = "<group>";
		};
/* End PBXGroup section */

/* Begin PBXNativeTarget section */
		7116D175200B4D5600C1A2A4 /* apnea */ = {
			isa = PBXNativeTarget;
			buildConfigurationList = 7116D188200B4D5600C1A2A4 /* Build configuration list for PBXNativeTarget "apnea" */;
			buildPhases = (
				15DEAEDF578CF5BC33EF8DEB /* [CP] Check Pods Manifest.lock */,
				7116D172200B4D5600C1A2A4 /* Sources */,
				7116D173200B4D5600C1A2A4 /* Frameworks */,
				7116D174200B4D5600C1A2A4 /* Resources */,
				DACA3599C1EA6FB70DB0C310 /* [CP] Embed Pods Frameworks */,
				BFE1E9CF3682060ACDC2D84B /* [CP] Copy Pods Resources */,
			);
			buildRules = (
			);
			dependencies = (
			);
			name = apnea;
			productName = apnea;
			productReference = 7116D176200B4D5600C1A2A4 /* apnea.app */;
			productType = "com.apple.product-type.application";
		};
/* End PBXNativeTarget section */

/* Begin PBXProject section */
		7116D16E200B4D5600C1A2A4 /* Project object */ = {
			isa = PBXProject;
			attributes = {
				LastSwiftUpdateCheck = 0920;
				LastUpgradeCheck = 0930;
				ORGANIZATIONNAME = cybuhh;
				TargetAttributes = {
					7116D175200B4D5600C1A2A4 = {
						CreatedOnToolsVersion = 9.2;
						ProvisioningStyle = Automatic;
					};
				};
			};
			buildConfigurationList = 7116D171200B4D5600C1A2A4 /* Build configuration list for PBXProject "apnea" */;
			compatibilityVersion = "Xcode 8.0";
			developmentRegion = en;
			hasScannedForEncodings = 0;
			knownRegions = (
				en,
				Base,
				pl,
			);
			mainGroup = 7116D16D200B4D5600C1A2A4;
			productRefGroup = 7116D177200B4D5600C1A2A4 /* Products */;
			projectDirPath = "";
			projectRoot = "";
			targets = (
				7116D175200B4D5600C1A2A4 /* apnea */,
			);
		};
/* End PBXProject section */

/* Begin PBXResourcesBuildPhase section */
		7116D174200B4D5600C1A2A4 /* Resources */ = {
			isa = PBXResourcesBuildPhase;
			buildActionMask = 2147483647;
			files = (
				4FD13148201F0FA800602873 /* Localizable.strings in Resources */,
				7116D184200B4D5600C1A2A4 /* LaunchScreen.storyboard in Resources */,
				7116D181200B4D5600C1A2A4 /* Assets.xcassets in Resources */,
				7116D17F200B4D5600C1A2A4 /* Main.storyboard in Resources */,
			);
			runOnlyForDeploymentPostprocessing = 0;
		};
/* End PBXResourcesBuildPhase section */

/* Begin PBXShellScriptBuildPhase section */
		15DEAEDF578CF5BC33EF8DEB /* [CP] Check Pods Manifest.lock */ = {
			isa = PBXShellScriptBuildPhase;
			buildActionMask = 2147483647;
			files = (
			);
			inputPaths = (
				"${PODS_PODFILE_DIR_PATH}/Podfile.lock",
				"${PODS_ROOT}/Manifest.lock",
			);
			name = "[CP] Check Pods Manifest.lock";
			outputPaths = (
				"$(DERIVED_FILE_DIR)/Pods-apnea-checkManifestLockResult.txt",
			);
			runOnlyForDeploymentPostprocessing = 0;
			shellPath = /bin/sh;
			shellScript = "diff \"${PODS_PODFILE_DIR_PATH}/Podfile.lock\" \"${PODS_ROOT}/Manifest.lock\" > /dev/null\nif [ $? != 0 ] ; then\n    # print error to STDERR\n    echo \"error: The sandbox is not in sync with the Podfile.lock. Run 'pod install' or update your CocoaPods installation.\" >&2\n    exit 1\nfi\n# This output is used by Xcode 'outputs' to avoid re-running this script phase.\necho \"SUCCESS\" > \"${SCRIPT_OUTPUT_FILE_0}\"\n";
			showEnvVarsInLog = 0;
		};
		BFE1E9CF3682060ACDC2D84B /* [CP] Copy Pods Resources */ = {
			isa = PBXShellScriptBuildPhase;
			buildActionMask = 2147483647;
			files = (
			);
			inputPaths = (
			);
			name = "[CP] Copy Pods Resources";
			outputPaths = (
			);
			runOnlyForDeploymentPostprocessing = 0;
			shellPath = /bin/sh;
			shellScript = "\"${SRCROOT}/Pods/Target Support Files/Pods-apnea/Pods-apnea-resources.sh\"\n";
			showEnvVarsInLog = 0;
		};
		DACA3599C1EA6FB70DB0C310 /* [CP] Embed Pods Frameworks */ = {
			isa = PBXShellScriptBuildPhase;
			buildActionMask = 2147483647;
			files = (
			);
			inputPaths = (
				"${SRCROOT}/Pods/Target Support Files/Pods-apnea/Pods-apnea-frameworks.sh",
				"${BUILT_PRODUCTS_DIR}/MZTimerLabel/MZTimerLabel.framework",
			);
			name = "[CP] Embed Pods Frameworks";
			outputPaths = (
				"${TARGET_BUILD_DIR}/${FRAMEWORKS_FOLDER_PATH}/MZTimerLabel.framework",
			);
			runOnlyForDeploymentPostprocessing = 0;
			shellPath = /bin/sh;
			shellScript = "\"${SRCROOT}/Pods/Target Support Files/Pods-apnea/Pods-apnea-frameworks.sh\"\n";
			showEnvVarsInLog = 0;
		};
/* End PBXShellScriptBuildPhase section */

/* Begin PBXSourcesBuildPhase section */
		7116D172200B4D5600C1A2A4 /* Sources */ = {
			isa = PBXSourcesBuildPhase;
			buildActionMask = 2147483647;
			files = (
				4FBDA67820455ABD00174C9C /* CO2TrainingViewModel.swift in Sources */,
				71B64C3A2039ECE20038B839 /* CO2TrainingViewController.swift in Sources */,
				7116D18E200EA42100C1A2A4 /* ApneaTestViewController.swift in Sources */,
				4FD5B3DD201B5BB80082FA81 /* ColorSchema.swift in Sources */,
				4FBDA6662045572800174C9C /* HistoryApneaViewModel.swift in Sources */,
				7181C05920710D6A007160CC /* HistoryCO2TrainingViewControllerDataSource.swift in Sources */,
				7116D17A200B4D5600C1A2A4 /* AppDelegate.swift in Sources */,
				7181C057207109F8007160CC /* HistoryCO2TrainingViewControllerDelegate.swift in Sources */,
				7152C4BD2014BE5000B558CD /* HistoryApneaTestViewController.swift in Sources */,
				7181C05B20712A32007160CC /* HistoryCO2TrainingTableViewCell.swift in Sources */,
				713C904A2014D6EC00C3BF59 /* HistoryCO2TrainingViewController.swift in Sources */,
				4FBDA66B2045578C00174C9C /* RootViewControllerDataSource.swift in Sources */,
				4FBDA67620455A9D00174C9C /* CO2TrainingTableViewDataSource.swift in Sources */,
				4FE6C02E2018BFA8008A038A /* HistoryApneaTestTableViewCell.swift in Sources */,
				4FBDA66420453BF600174C9C /* CO2TrainingTableViewCell.swift in Sources */,
				714DA089206FB737002F05FB /* HistoryApneaTestDataStore.swift in Sources */,
				7116D18C200EA37D00C1A2A4 /* RootViewController.swift in Sources */,
				4FBDA6682045574F00174C9C /* RootViewModel.swift in Sources */,
				4F3BC664208F0CBD00A0B363 /* SettingsTableViewCell.swift in Sources */,
				4FBDA66E204557C700174C9C /* RootViewControllerDelegate.swift in Sources */,
				7116D194200EA9E800C1A2A4 /* MenuItem.swift in Sources */,
				4FBDA6722045592100174C9C /* HistoryApneaTestViewControllerDataSource.swift in Sources */,
				4FBDA6742045596A00174C9C /* HistoryCO2TrainingViewModel.swift in Sources */,
				7116D192200EA48B00C1A2A4 /* HistoryViewController.swift in Sources */,
				7181C05520710450007160CC /* HistoryApneaTestViewControllerDelegate.swift in Sources */,
				714DA08A206FB737002F05FB /* HistoryCO2TrainingDataStore.swift in Sources */,
				7116D190200EA45900C1A2A4 /* SettingsViewController.swift in Sources */,
				4FBDA6702045589F00174C9C /* SettingsViewModel.swift in Sources */,
			);
			runOnlyForDeploymentPostprocessing = 0;
		};
/* End PBXSourcesBuildPhase section */

/* Begin PBXVariantGroup section */
		4FD1314A201F0FA800602873 /* Localizable.strings */ = {
			isa = PBXVariantGroup;
			children = (
				4FD13149201F0FA800602873 /* en */,
				4FD1314B201F0FC600602873 /* Base */,
				4FD1314C201F10B400602873 /* pl */,
			);
			name = Localizable.strings;
			sourceTree = "<group>";
		};
		7116D17D200B4D5600C1A2A4 /* Main.storyboard */ = {
			isa = PBXVariantGroup;
			children = (
				7116D17E200B4D5600C1A2A4 /* Base */,
			);
			name = Main.storyboard;
			sourceTree = "<group>";
		};
		7116D182200B4D5600C1A2A4 /* LaunchScreen.storyboard */ = {
			isa = PBXVariantGroup;
			children = (
				7116D183200B4D5600C1A2A4 /* Base */,
			);
			name = LaunchScreen.storyboard;
			sourceTree = "<group>";
		};
/* End PBXVariantGroup section */

/* Begin XCBuildConfiguration section */
		7116D186200B4D5600C1A2A4 /* Debug */ = {
			isa = XCBuildConfiguration;
			buildSettings = {
				ALWAYS_SEARCH_USER_PATHS = NO;
				CLANG_ANALYZER_LOCALIZABILITY_NONLOCALIZED = YES;
				CLANG_ANALYZER_NONNULL = YES;
				CLANG_ANALYZER_NUMBER_OBJECT_CONVERSION = YES_AGGRESSIVE;
				CLANG_CXX_LANGUAGE_STANDARD = "gnu++14";
				CLANG_CXX_LIBRARY = "libc++";
				CLANG_ENABLE_MODULES = YES;
				CLANG_ENABLE_OBJC_ARC = YES;
				CLANG_WARN_BLOCK_CAPTURE_AUTORELEASING = YES;
				CLANG_WARN_BOOL_CONVERSION = YES;
				CLANG_WARN_COMMA = YES;
				CLANG_WARN_CONSTANT_CONVERSION = YES;
				CLANG_WARN_DEPRECATED_OBJC_IMPLEMENTATIONS = YES;
				CLANG_WARN_DIRECT_OBJC_ISA_USAGE = YES_ERROR;
				CLANG_WARN_DOCUMENTATION_COMMENTS = YES;
				CLANG_WARN_EMPTY_BODY = YES;
				CLANG_WARN_ENUM_CONVERSION = YES;
				CLANG_WARN_INFINITE_RECURSION = YES;
				CLANG_WARN_INT_CONVERSION = YES;
				CLANG_WARN_NON_LITERAL_NULL_CONVERSION = YES;
				CLANG_WARN_OBJC_IMPLICIT_RETAIN_SELF = YES;
				CLANG_WARN_OBJC_LITERAL_CONVERSION = YES;
				CLANG_WARN_OBJC_ROOT_CLASS = YES_ERROR;
				CLANG_WARN_RANGE_LOOP_ANALYSIS = YES;
				CLANG_WARN_STRICT_PROTOTYPES = YES;
				CLANG_WARN_SUSPICIOUS_MOVE = YES;
				CLANG_WARN_UNGUARDED_AVAILABILITY = YES_AGGRESSIVE;
				CLANG_WARN_UNREACHABLE_CODE = YES;
				CLANG_WARN__DUPLICATE_METHOD_MATCH = YES;
				CODE_SIGN_IDENTITY = "iPhone Developer";
				COPY_PHASE_STRIP = YES;
				DEBUG_INFORMATION_FORMAT = dwarf;
				DEVELOPMENT_TEAM = 4YRZ35QTHW;
				ENABLE_STRICT_OBJC_MSGSEND = YES;
				ENABLE_TESTABILITY = YES;
				GCC_C_LANGUAGE_STANDARD = gnu11;
				GCC_DYNAMIC_NO_PIC = NO;
				GCC_NO_COMMON_BLOCKS = YES;
				GCC_OPTIMIZATION_LEVEL = 0;
				GCC_PREPROCESSOR_DEFINITIONS = (
					"DEBUG=1",
					"$(inherited)",
				);
				GCC_WARN_64_TO_32_BIT_CONVERSION = YES;
				GCC_WARN_ABOUT_RETURN_TYPE = YES_ERROR;
				GCC_WARN_UNDECLARED_SELECTOR = YES;
				GCC_WARN_UNINITIALIZED_AUTOS = YES_AGGRESSIVE;
				GCC_WARN_UNUSED_FUNCTION = YES;
				GCC_WARN_UNUSED_VARIABLE = YES;
				IPHONEOS_DEPLOYMENT_TARGET = 11.2;
				MTL_ENABLE_DEBUG_INFO = YES;
				ONLY_ACTIVE_ARCH = YES;
				SDKROOT = iphoneos;
				SWIFT_ACTIVE_COMPILATION_CONDITIONS = DEBUG;
				SWIFT_OPTIMIZATION_LEVEL = "-Onone";
			};
			name = Debug;
		};
		7116D187200B4D5600C1A2A4 /* Release */ = {
			isa = XCBuildConfiguration;
			buildSettings = {
				ALWAYS_SEARCH_USER_PATHS = NO;
				CLANG_ANALYZER_LOCALIZABILITY_NONLOCALIZED = YES;
				CLANG_ANALYZER_NONNULL = YES;
				CLANG_ANALYZER_NUMBER_OBJECT_CONVERSION = YES_AGGRESSIVE;
				CLANG_CXX_LANGUAGE_STANDARD = "gnu++14";
				CLANG_CXX_LIBRARY = "libc++";
				CLANG_ENABLE_MODULES = YES;
				CLANG_ENABLE_OBJC_ARC = YES;
				CLANG_WARN_BLOCK_CAPTURE_AUTORELEASING = YES;
				CLANG_WARN_BOOL_CONVERSION = YES;
				CLANG_WARN_COMMA = YES;
				CLANG_WARN_CONSTANT_CONVERSION = YES;
				CLANG_WARN_DEPRECATED_OBJC_IMPLEMENTATIONS = YES;
				CLANG_WARN_DIRECT_OBJC_ISA_USAGE = YES_ERROR;
				CLANG_WARN_DOCUMENTATION_COMMENTS = YES;
				CLANG_WARN_EMPTY_BODY = YES;
				CLANG_WARN_ENUM_CONVERSION = YES;
				CLANG_WARN_INFINITE_RECURSION = YES;
				CLANG_WARN_INT_CONVERSION = YES;
				CLANG_WARN_NON_LITERAL_NULL_CONVERSION = YES;
				CLANG_WARN_OBJC_IMPLICIT_RETAIN_SELF = YES;
				CLANG_WARN_OBJC_LITERAL_CONVERSION = YES;
				CLANG_WARN_OBJC_ROOT_CLASS = YES_ERROR;
				CLANG_WARN_RANGE_LOOP_ANALYSIS = YES;
				CLANG_WARN_STRICT_PROTOTYPES = YES;
				CLANG_WARN_SUSPICIOUS_MOVE = YES;
				CLANG_WARN_UNGUARDED_AVAILABILITY = YES_AGGRESSIVE;
				CLANG_WARN_UNREACHABLE_CODE = YES;
				CLANG_WARN__DUPLICATE_METHOD_MATCH = YES;
				CODE_SIGN_IDENTITY = "iPhone Developer";
				COPY_PHASE_STRIP = YES;
				DEBUG_INFORMATION_FORMAT = "dwarf-with-dsym";
				DEVELOPMENT_TEAM = 4YRZ35QTHW;
				ENABLE_NS_ASSERTIONS = NO;
				ENABLE_STRICT_OBJC_MSGSEND = YES;
				GCC_C_LANGUAGE_STANDARD = gnu11;
				GCC_NO_COMMON_BLOCKS = YES;
				GCC_WARN_64_TO_32_BIT_CONVERSION = YES;
				GCC_WARN_ABOUT_RETURN_TYPE = YES_ERROR;
				GCC_WARN_UNDECLARED_SELECTOR = YES;
				GCC_WARN_UNINITIALIZED_AUTOS = YES_AGGRESSIVE;
				GCC_WARN_UNUSED_FUNCTION = YES;
				GCC_WARN_UNUSED_VARIABLE = YES;
				IPHONEOS_DEPLOYMENT_TARGET = 11.2;
				MTL_ENABLE_DEBUG_INFO = NO;
				ONLY_ACTIVE_ARCH = YES;
				SDKROOT = iphoneos;
				SWIFT_OPTIMIZATION_LEVEL = "-Owholemodule";
				VALIDATE_PRODUCT = YES;
			};
			name = Release;
		};
		7116D189200B4D5600C1A2A4 /* Debug */ = {
			isa = XCBuildConfiguration;
			baseConfigurationReference = B171803B0994323251FBBD91 /* Pods-apnea.debug.xcconfig */;
			buildSettings = {
				ASSETCATALOG_COMPILER_APPICON_NAME = AppIcon;
				CODE_SIGN_STYLE = Automatic;
				INFOPLIST_FILE = apnea/Info.plist;
				LD_RUNPATH_SEARCH_PATHS = "$(inherited) @executable_path/Frameworks";
				PRODUCT_BUNDLE_IDENTIFIER = cybuhh.apnea;
				PRODUCT_NAME = "$(TARGET_NAME)";
				SWIFT_VERSION = 4.0;
				TARGETED_DEVICE_FAMILY = 1;
			};
			name = Debug;
		};
		7116D18A200B4D5600C1A2A4 /* Release */ = {
			isa = XCBuildConfiguration;
			baseConfigurationReference = FD765F1244BE015183DEF2A5 /* Pods-apnea.release.xcconfig */;
			buildSettings = {
				ASSETCATALOG_COMPILER_APPICON_NAME = AppIcon;
				CODE_SIGN_STYLE = Automatic;
				INFOPLIST_FILE = apnea/Info.plist;
				LD_RUNPATH_SEARCH_PATHS = "$(inherited) @executable_path/Frameworks";
				PRODUCT_BUNDLE_IDENTIFIER = cybuhh.apnea;
				PRODUCT_NAME = "$(TARGET_NAME)";
				SWIFT_VERSION = 4.0;
				TARGETED_DEVICE_FAMILY = 1;
			};
			name = Release;
		};
/* End XCBuildConfiguration section */

/* Begin XCConfigurationList section */
		7116D171200B4D5600C1A2A4 /* Build configuration list for PBXProject "apnea" */ = {
			isa = XCConfigurationList;
			buildConfigurations = (
				7116D186200B4D5600C1A2A4 /* Debug */,
				7116D187200B4D5600C1A2A4 /* Release */,
			);
			defaultConfigurationIsVisible = 0;
			defaultConfigurationName = Release;
		};
		7116D188200B4D5600C1A2A4 /* Build configuration list for PBXNativeTarget "apnea" */ = {
			isa = XCConfigurationList;
			buildConfigurations = (
				7116D189200B4D5600C1A2A4 /* Debug */,
				7116D18A200B4D5600C1A2A4 /* Release */,
			);
			defaultConfigurationIsVisible = 0;
			defaultConfigurationName = Release;
		};
/* End XCConfigurationList section */
	};
	rootObject = 7116D16E200B4D5600C1A2A4 /* Project object */;
}
